
Microsoft Visual Studio Solution File, Format Version 12.00
# Visual Studio Version 17
VisualStudioVersion = 17.4.33122.133
MinimumVisualStudioVersion = 10.0.40219.1
Project("{2150E333-8FDC-42A3-9474-1A3956D46DE8}") = "Itens de Solução", "Itens de Solução", "{F73EFE75-823E-4761-83A7-B0C9F66069FA}"
	ProjectSection(SolutionItems) = preProject
		ContaCorrente.cs = ContaCorrente.cs
	EndProjectSection
EndProject
Global
	GlobalSection(SolutionProperties) = preSolution
		HideSolutionNode = FALSE
	EndGlobalSection
	GlobalSection(ExtensibilityGlobals) = postSolution
		SolutionGuid = {2D844C1C-7E03-4EC4-B472-02C07C30C7C3}
	EndGlobalSection
EndGlobal
